// !$*UTF8*$!
{
	archiveVersion = 1;
	classes = {
	};
	objectVersion = 46;
	objects = {

/* Begin PBXBuildFile section */
		503C5BA72DF0EB1633F4A564 /* libPods-BrainTeaser.a in Frameworks */ = {isa = PBXBuildFile; fileRef = 49AE071A5E749BB532B7D8B5 /* libPods-BrainTeaser.a */; };
		FBCC92821DB46697002B8EE8 /* AppDelegate.swift in Sources */ = {isa = PBXBuildFile; fileRef = FBCC92811DB46697002B8EE8 /* AppDelegate.swift */; };
		FBCC92841DB46697002B8EE8 /* ViewController.swift in Sources */ = {isa = PBXBuildFile; fileRef = FBCC92831DB46697002B8EE8 /* ViewController.swift */; };
		FBCC92871DB46697002B8EE8 /* Main.storyboard in Resources */ = {isa = PBXBuildFile; fileRef = FBCC92851DB46697002B8EE8 /* Main.storyboard */; };
		FBCC92891DB46697002B8EE8 /* Assets.xcassets in Resources */ = {isa = PBXBuildFile; fileRef = FBCC92881DB46697002B8EE8 /* Assets.xcassets */; };
		FBCC928C1DB46697002B8EE8 /* LaunchScreen.storyboard in Resources */ = {isa = PBXBuildFile; fileRef = FBCC928A1DB46697002B8EE8 /* LaunchScreen.storyboard */; };
/* End PBXBuildFile section */

/* Begin PBXFileReference section */
		17BF14F079A9994542547006 /* Pods-BrainTeaser.release.xcconfig */ = {isa = PBXFileReference; includeInIndex = 1; lastKnownFileType = text.xcconfig; name = "Pods-BrainTeaser.release.xcconfig"; path = "Pods/Target Support Files/Pods-BrainTeaser/Pods-BrainTeaser.release.xcconfig"; sourceTree = "<group>"; };
		49AE071A5E749BB532B7D8B5 /* libPods-BrainTeaser.a */ = {isa = PBXFileReference; explicitFileType = archive.ar; includeInIndex = 0; path = "libPods-BrainTeaser.a"; sourceTree = BUILT_PRODUCTS_DIR; };
		C7AA5241B7C82CA50314789F /* Pods-BrainTeaser.debug.xcconfig */ = {isa = PBXFileReference; includeInIndex = 1; lastKnownFileType = text.xcconfig; name = "Pods-BrainTeaser.debug.xcconfig"; path = "Pods/Target Support Files/Pods-BrainTeaser/Pods-BrainTeaser.debug.xcconfig"; sourceTree = "<group>"; };
		FBCC927E1DB46697002B8EE8 /* BrainTeaser.app */ = {isa = PBXFileReference; explicitFileType = wrapper.application; includeInIndex = 0; path = BrainTeaser.app; sourceTree = BUILT_PRODUCTS_DIR; };
		FBCC92811DB46697002B8EE8 /* AppDelegate.swift */ = {isa = PBXFileReference; lastKnownFileType = sourcecode.swift; path = AppDelegate.swift; sourceTree = "<group>"; };
		FBCC92831DB46697002B8EE8 /* ViewController.swift */ = {isa = PBXFileReference; lastKnownFileType = sourcecode.swift; path = ViewController.swift; sourceTree = "<group>"; };
		FBCC92861DB46697002B8EE8 /* Base */ = {isa = PBXFileReference; lastKnownFileType = file.storyboard; name = Base; path = Base.lproj/Main.storyboard; sourceTree = "<group>"; };
		FBCC92881DB46697002B8EE8 /* Assets.xcassets */ = {isa = PBXFileReference; lastKnownFileType = folder.assetcatalog; path = Assets.xcassets; sourceTree = "<group>"; };
		FBCC928B1DB46697002B8EE8 /* Base */ = {isa = PBXFileReference; lastKnownFileType = file.storyboard; name = Base; path = Base.lproj/LaunchScreen.storyboard; sourceTree = "<group>"; };
		FBCC928D1DB46697002B8EE8 /* Info.plist */ = {isa = PBXFileReference; lastKnownFileType = text.plist.xml; path = Info.plist; sourceTree = "<group>"; };
/* End PBXFileReference section */

/* Begin PBXFrameworksBuildPhase section */
		FBCC927B1DB46697002B8EE8 /* Frameworks */ = {
			isa = PBXFrameworksBuildPhase;
			buildActionMask = 2147483647;
			files = (
				503C5BA72DF0EB1633F4A564 /* libPods-BrainTeaser.a in Frameworks */,
			);
			runOnlyForDeploymentPostprocessing = 0;
		};
/* End PBXFrameworksBuildPhase section */

/* Begin PBXGroup section */
		1E6300138C7C15758FB02BD8 /* Pods */ = {
			isa = PBXGroup;
			children = (
				C7AA5241B7C82CA50314789F /* Pods-BrainTeaser.debug.xcconfig */,
				17BF14F079A9994542547006 /* Pods-BrainTeaser.release.xcconfig */,
			);
			name = Pods;
			sourceTree = "<group>";
		};
		F53E151EED58EB55BC81A0A7 /* Frameworks */ = {
			isa = PBXGroup;
			children = (
				49AE071A5E749BB532B7D8B5 /* libPods-BrainTeaser.a */,
			);
			name = Frameworks;
			sourceTree = "<group>";
		};
		FBCC92751DB46697002B8EE8 = {
			isa = PBXGroup;
			children = (
				FBCC92801DB46697002B8EE8 /* BrainTeaser */,
				FBCC927F1DB46697002B8EE8 /* Products */,
				1E6300138C7C15758FB02BD8 /* Pods */,
				F53E151EED58EB55BC81A0A7 /* Frameworks */,
			);
			sourceTree = "<group>";
		};
		FBCC927F1DB46697002B8EE8 /* Products */ = {
			isa = PBXGroup;
			children = (
				FBCC927E1DB46697002B8EE8 /* BrainTeaser.app */,
			);
			name = Products;
			sourceTree = "<group>";
		};
		FBCC92801DB46697002B8EE8 /* BrainTeaser */ = {
			isa = PBXGroup;
			children = (
				FBCC92811DB46697002B8EE8 /* AppDelegate.swift */,
				FBCC92831DB46697002B8EE8 /* ViewController.swift */,
				FBCC92851DB46697002B8EE8 /* Main.storyboard */,
				FBCC92881DB46697002B8EE8 /* Assets.xcassets */,
				FBCC928A1DB46697002B8EE8 /* LaunchScreen.storyboard */,
				FBCC928D1DB46697002B8EE8 /* Info.plist */,
			);
			path = BrainTeaser;
			sourceTree = "<group>";
		};
/* End PBXGroup section */

/* Begin PBXNativeTarget section */
		FBCC927D1DB46697002B8EE8 /* BrainTeaser */ = {
			isa = PBXNativeTarget;
			buildConfigurationList = FBCC92901DB46697002B8EE8 /* Build configuration list for PBXNativeTarget "BrainTeaser" */;
			buildPhases = (
				E269033F7070ABCD1B9E5877 /* [CP] Check Pods Manifest.lock */,
				FBCC927A1DB46697002B8EE8 /* Sources */,
				FBCC927B1DB46697002B8EE8 /* Frameworks */,
				FBCC927C1DB46697002B8EE8 /* Resources */,
				9D8E774459A2C276234FD308 /* [CP] Embed Pods Frameworks */,
				34A6EFCB3E9DCAB7A0CC5C74 /* [CP] Copy Pods Resources */,
			);
			buildRules = (
			);
			dependencies = (
			);
			name = BrainTeaser;
			productName = BrainTeaser;
			productReference = FBCC927E1DB46697002B8EE8 /* BrainTeaser.app */;
			productType = "com.apple.product-type.application";
		};
/* End PBXNativeTarget section */

/* Begin PBXProject section */
		FBCC92761DB46697002B8EE8 /* Project object */ = {
			isa = PBXProject;
			attributes = {
				LastSwiftUpdateCheck = 0730;
				LastUpgradeCheck = 0730;
				ORGANIZATIONNAME = Ronaldoh1;
				TargetAttributes = {
					FBCC927D1DB46697002B8EE8 = {
						CreatedOnToolsVersion = 7.3.1;
					};
				};
			};
			buildConfigurationList = FBCC92791DB46697002B8EE8 /* Build configuration list for PBXProject "BrainTeaser" */;
			compatibilityVersion = "Xcode 3.2";
			developmentRegion = English;
			hasScannedForEncodings = 0;
			knownRegions = (
				en,
				Base,
			);
			mainGroup = FBCC92751DB46697002B8EE8;
			productRefGroup = FBCC927F1DB46697002B8EE8 /* Products */;
			projectDirPath = "";
			projectRoot = "";
			targets = (
				FBCC927D1DB46697002B8EE8 /* BrainTeaser */,
			);
		};
/* End PBXProject section */

/* Begin PBXResourcesBuildPhase section */
		FBCC927C1DB46697002B8EE8 /* Resources */ = {
			isa = PBXResourcesBuildPhase;
			buildActionMask = 2147483647;
			files = (
				FBCC928C1DB46697002B8EE8 /* LaunchScreen.storyboard in Resources */,
				FBCC92891DB46697002B8EE8 /* Assets.xcassets in Resources */,
				FBCC92871DB46697002B8EE8 /* Main.storyboard in Resources */,
			);
			runOnlyForDeploymentPostprocessing = 0;
		};
/* End PBXResourcesBuildPhase section */

/* Begin PBXShellScriptBuildPhase section */
		34A6EFCB3E9DCAB7A0CC5C74 /* [CP] Copy Pods Resources */ = {
			isa = PBXShellScriptBuildPhase;
			buildActionMask = 2147483647;
			files = (
			);
			inputPaths = (
			);
			name = "[CP] Copy Pods Resources";
			outputPaths = (
			);
			runOnlyForDeploymentPostprocessing = 0;
			shellPath = /bin/sh;
			shellScript = "\"${SRCROOT}/Pods/Target Support Files/Pods-BrainTeaser/Pods-BrainTeaser-resources.sh\"\n";
			showEnvVarsInLog = 0;
		};
		9D8E774459A2C276234FD308 /* [CP] Embed Pods Frameworks */ = {
			isa = PBXShellScriptBuildPhase;
			buildActionMask = 2147483647;
			files = (
			);
			inputPaths = (
			);
			name = "[CP] Embed Pods Frameworks";
			outputPaths = (
			);
			runOnlyForDeploymentPostprocessing = 0;
			shellPath = /bin/sh;
			shellScript = "\"${SRCROOT}/Pods/Target Support Files/Pods-BrainTeaser/Pods-BrainTeaser-frameworks.sh\"\n";
			showEnvVarsInLog = 0;
		};
		E269033F7070ABCD1B9E5877 /* [CP] Check Pods Manifest.lock */ = {
			isa = PBXShellScriptBuildPhase;
			buildActionMask = 2147483647;
			files = (
			);
			inputPaths = (
			);
			name = "[CP] Check Pods Manifest.lock";
			outputPaths = (
			);
			runOnlyForDeploymentPostprocessing = 0;
			shellPath = /bin/sh;
			shellScript = "diff \"${PODS_ROOT}/../Podfile.lock\" \"${PODS_ROOT}/Manifest.lock\" > /dev/null\nif [ $? != 0 ] ; then\n    # print error to STDERR\n    echo \"error: The sandbox is not in sync with the Podfile.lock. Run 'pod install' or update your CocoaPods installation.\" >&2\n    exit 1\nfi\n";
			showEnvVarsInLog = 0;
		};
/* End PBXShellScriptBuildPhase section */

/* Begin PBXSourcesBuildPhase section */
		FBCC927A1DB46697002B8EE8 /* Sources */ = {
			isa = PBXSourcesBuildPhase;
			buildActionMask = 2147483647;
			files = (
				FBCC92841DB46697002B8EE8 /* ViewController.swift in Sources */,
				FBCC92821DB46697002B8EE8 /* AppDelegate.swift in Sources */,
			);
			runOnlyForDeploymentPostprocessing = 0;
		};
/* End PBXSourcesBuildPhase section */

/* Begin PBXVariantGroup section */
		FBCC92851DB46697002B8EE8 /* Main.storyboard */ = {
			isa = PBXVariantGroup;
			children = (
				FBCC92861DB46697002B8EE8 /* Base */,
			);
			name = Main.storyboard;
			sourceTree = "<group>";
		};
		FBCC928A1DB46697002B8EE8 /* LaunchScreen.storyboard */ = {
			isa = PBXVariantGroup;
			children = (
				FBCC928B1DB46697002B8EE8 /* Base */,
			);
			name = LaunchScreen.storyboard;
			sourceTree = "<group>";
		};
/* End PBXVariantGroup section */

/* Begin XCBuildConfiguration section */
		FBCC928E1DB46697002B8EE8 /* Debug */ = {
			isa = XCBuildConfiguration;
			buildSettings = {
				ALWAYS_SEARCH_USER_PATHS = NO;
				CLANG_ANALYZER_NONNULL = YES;
				CLANG_CXX_LANGUAGE_STANDARD = "gnu++0x";
				CLANG_CXX_LIBRARY = "libc++";
				CLANG_ENABLE_MODULES = YES;
				CLANG_ENABLE_OBJC_ARC = YES;
				CLANG_WARN_BOOL_CONVERSION = YES;
				CLANG_WARN_CONSTANT_CONVERSION = YES;
				CLANG_WARN_DIRECT_OBJC_ISA_USAGE = YES_ERROR;
				CLANG_WARN_EMPTY_BODY = YES;
				CLANG_WARN_ENUM_CONVERSION = YES;
				CLANG_WARN_INT_CONVERSION = YES;
				CLANG_WARN_OBJC_ROOT_CLASS = YES_ERROR;
				CLANG_WARN_UNREACHABLE_CODE = YES;
				CLANG_WARN__DUPLICATE_METHOD_MATCH = YES;
				"CODE_SIGN_IDENTITY[sdk=iphoneos*]" = "iPhone Developer";
				COPY_PHASE_STRIP = NO;
				DEBUG_INFORMATION_FORMAT = dwarf;
				ENABLE_STRICT_OBJC_MSGSEND = YES;
				ENABLE_TESTABILITY = YES;
				GCC_C_LANGUAGE_STANDARD = gnu99;
				GCC_DYNAMIC_NO_PIC = NO;
				GCC_NO_COMMON_BLOCKS = YES;
				GCC_OPTIMIZATION_LEVEL = 0;
				GCC_PREPROCESSOR_DEFINITIONS = (
					"DEBUG=1",
					"$(inherited)",
				);
				GCC_WARN_64_TO_32_BIT_CONVERSION = YES;
				GCC_WARN_ABOUT_RETURN_TYPE = YES_ERROR;
				GCC_WARN_UNDECLARED_SELECTOR = YES;
				GCC_WARN_UNINITIALIZED_AUTOS = YES_AGGRESSIVE;
				GCC_WARN_UNUSED_FUNCTION = YES;
				GCC_WARN_UNUSED_VARIABLE = YES;
				IPHONEOS_DEPLOYMENT_TARGET = 9.3;
				MTL_ENABLE_DEBUG_INFO = YES;
				ONLY_ACTIVE_ARCH = YES;
				SDKROOT = iphoneos;
				SWIFT_OPTIMIZATION_LEVEL = "-Onone";
				TARGETED_DEVICE_FAMILY = "1,2";
			};
			name = Debug;
		};
		FBCC928F1DB46697002B8EE8 /* Release */ = {
			isa = XCBuildConfiguration;
			buildSettings = {
				ALWAYS_SEARCH_USER_PATHS = NO;
				CLANG_ANALYZER_NONNULL = YES;
				CLANG_CXX_LANGUAGE_STANDARD = "gnu++0x";
				CLANG_CXX_LIBRARY = "libc++";
				CLANG_ENABLE_MODULES = YES;
				CLANG_ENABLE_OBJC_ARC = YES;
				CLANG_WARN_BOOL_CONVERSION = YES;
				CLANG_WARN_CONSTANT_CONVERSION = YES;
				CLANG_WARN_DIRECT_OBJC_ISA_USAGE = YES_ERROR;
				CLANG_WARN_EMPTY_BODY = YES;
				CLANG_WARN_ENUM_CONVERSION = YES;
				CLANG_WARN_INT_CONVERSION = YES;
				CLANG_WARN_OBJC_ROOT_CLASS = YES_ERROR;
				CLANG_WARN_UNREACHABLE_CODE = YES;
				CLANG_WARN__DUPLICATE_METHOD_MATCH = YES;
				"CODE_SIGN_IDENTITY[sdk=iphoneos*]" = "iPhone Developer";
				COPY_PHASE_STRIP = NO;
				DEBUG_INFORMATION_FORMAT = "dwarf-with-dsym";
				ENABLE_NS_ASSERTIONS = NO;
				ENABLE_STRICT_OBJC_MSGSEND = YES;
				GCC_C_LANGUAGE_STANDARD = gnu99;
				GCC_NO_COMMON_BLOCKS = YES;
				GCC_WARN_64_TO_32_BIT_CONVERSION = YES;
				GCC_WARN_ABOUT_RETURN_TYPE = YES_ERROR;
				GCC_WARN_UNDECLARED_SELECTOR = YES;
				GCC_WARN_UNINITIALIZED_AUTOS = YES_AGGRESSIVE;
				GCC_WARN_UNUSED_FUNCTION = YES;
				GCC_WARN_UNUSED_VARIABLE = YES;
				IPHONEOS_DEPLOYMENT_TARGET = 9.3;
				MTL_ENABLE_DEBUG_INFO = NO;
				SDKROOT = iphoneos;
				TARGETED_DEVICE_FAMILY = "1,2";
				VALIDATE_PRODUCT = YES;
			};
			name = Release;
		};
		FBCC92911DB46697002B8EE8 /* Debug */ = {
			isa = XCBuildConfiguration;
			baseConfigurationReference = C7AA5241B7C82CA50314789F /* Pods-BrainTeaser.debug.xcconfig */;
			buildSettings = {
				ASSETCATALOG_COMPILER_APPICON_NAME = AppIcon;
				INFOPLIST_FILE = BrainTeaser/Info.plist;
				LD_RUNPATH_SEARCH_PATHS = "$(inherited) @executable_path/Frameworks";
				PRODUCT_BUNDLE_IDENTIFIER = Ronaldoh1.BrainTeaser;
				PRODUCT_NAME = "$(TARGET_NAME)";
			};
			name = Debug;
		};
		FBCC92921DB46697002B8EE8 /* Release */ = {
			isa = XCBuildConfiguration;
			baseConfigurationReference = 17BF14F079A9994542547006 /* Pods-BrainTeaser.release.xcconfig */;
			buildSettings = {
				ASSETCATALOG_COMPILER_APPICON_NAME = AppIcon;
				INFOPLIST_FILE = BrainTeaser/Info.plist;
				LD_RUNPATH_SEARCH_PATHS = "$(inherited) @executable_path/Frameworks";
				PRODUCT_BUNDLE_IDENTIFIER = Ronaldoh1.BrainTeaser;
				PRODUCT_NAME = "$(TARGET_NAME)";
			};
			name = Release;
		};
/* End XCBuildConfiguration section */

/* Begin XCConfigurationList section */
		FBCC92791DB46697002B8EE8 /* Build configuration list for PBXProject "BrainTeaser" */ = {
			isa = XCConfigurationList;
			buildConfigurations = (
				FBCC928E1DB46697002B8EE8 /* Debug */,
				FBCC928F1DB46697002B8EE8 /* Release */,
			);
			defaultConfigurationIsVisible = 0;
			defaultConfigurationName = Release;
		};
		FBCC92901DB46697002B8EE8 /* Build configuration list for PBXNativeTarget "BrainTeaser" */ = {
			isa = XCConfigurationList;
			buildConfigurations = (
				FBCC92911DB46697002B8EE8 /* Debug */,
				FBCC92921DB46697002B8EE8 /* Release */,
			);
			defaultConfigurationIsVisible = 0;
			defaultConfigurationName = Release;
		};
/* End XCConfigurationList section */
	};
	rootObject = FBCC92761DB46697002B8EE8 /* Project object */;
}
